
Microsoft Visual Studio Solution File, Format Version 12.00
# Visual Studio 15
VisualStudioVersion = 15.0.26730.3
MinimumVisualStudioVersion = 10.0.40219.1
Project("{9A19103F-16F7-4668-BE54-9A1E7A4F7556}") = "ShowAndTellBlazor.Client", "ShowAndTellBlazor\ShowAndTellBlazor.Client\ShowAndTellBlazor.Client.csproj", "{48E1CAE8-48CA-4329-BBD7-FDF5D77165A6}"
EndProject
Project("{FAE04EC0-301F-11D3-BF4B-00C04F79EFBC}") = "ShowAndTellBlazor.API", "ShowAndTellBlazor.API\ShowAndTellBlazor.API.csproj", "{EC1E3700-FB8D-4100-96D1-501532E73170}"
EndProject
Global
	GlobalSection(SolutionConfigurationPlatforms) = preSolution
		Debug|Any CPU = Debug|Any CPU
		Release|Any CPU = Release|Any CPU
	EndGlobalSection
	GlobalSection(ProjectConfigurationPlatforms) = postSolution
		{48E1CAE8-48CA-4329-BBD7-FDF5D77165A6}.Debug|Any CPU.ActiveCfg = Debug|Any CPU
		{48E1CAE8-48CA-4329-BBD7-FDF5D77165A6}.Debug|Any CPU.Build.0 = Debug|Any CPU
		{48E1CAE8-48CA-4329-BBD7-FDF5D77165A6}.Release|Any CPU.ActiveCfg = Release|Any CPU
		{48E1CAE8-48CA-4329-BBD7-FDF5D77165A6}.Release|Any CPU.Build.0 = Release|Any CPU
		{EC1E3700-FB8D-4100-96D1-501532E73170}.Debug|Any CPU.ActiveCfg = Debug|Any CPU
		{EC1E3700-FB8D-4100-96D1-501532E73170}.Debug|Any CPU.Build.0 = Debug|Any CPU
		{EC1E3700-FB8D-4100-96D1-501532E73170}.Release|Any CPU.ActiveCfg = Release|Any CPU
		{EC1E3700-FB8D-4100-96D1-501532E73170}.Release|Any CPU.Build.0 = Release|Any CPU
	EndGlobalSection
	GlobalSection(SolutionProperties) = preSolution
		HideSolutionNode = FALSE
	EndGlobalSection
	GlobalSection(ExtensibilityGlobals) = postSolution
		SolutionGuid = {6CC3F26A-F9DF-4903-B085-81CEB282EE01}
	EndGlobalSection
EndGlobal
